// !$*UTF8*$!
{
	archiveVersion = 1;
	classes = {
	};
	objectVersion = 46;
	objects = {

/* Begin PBXBuildFile section */
		1A5DEED21BF54ECA00D25E49 /* AppDelegate.swift in Sources */ = {isa = PBXBuildFile; fileRef = 1A5DEED11BF54ECA00D25E49 /* AppDelegate.swift */; };
		1A5DEED41BF54ECA00D25E49 /* ViewController.swift in Sources */ = {isa = PBXBuildFile; fileRef = 1A5DEED31BF54ECA00D25E49 /* ViewController.swift */; };
		1A5DEED71BF54ECA00D25E49 /* Main.storyboard in Resources */ = {isa = PBXBuildFile; fileRef = 1A5DEED51BF54ECA00D25E49 /* Main.storyboard */; };
		1A5DEED91BF54ECA00D25E49 /* Assets.xcassets in Resources */ = {isa = PBXBuildFile; fileRef = 1A5DEED81BF54ECA00D25E49 /* Assets.xcassets */; };
		1A5DEEDC1BF54ECA00D25E49 /* LaunchScreen.storyboard in Resources */ = {isa = PBXBuildFile; fileRef = 1A5DEEDA1BF54ECA00D25E49 /* LaunchScreen.storyboard */; };
		1A5DEEE41BF54F2700D25E49 /* Character.swift in Sources */ = {isa = PBXBuildFile; fileRef = 1A5DEEE31BF54F2700D25E49 /* Character.swift */; };
		1A5DEEEA1BF586E800D25E49 /* PlayerOne.swift in Sources */ = {isa = PBXBuildFile; fileRef = 1A5DEEE91BF586E800D25E49 /* PlayerOne.swift */; };
		1A5DEEEC1BF5871E00D25E49 /* PlayerTwo.swift in Sources */ = {isa = PBXBuildFile; fileRef = 1A5DEEEB1BF5871E00D25E49 /* PlayerTwo.swift */; };
		1AD5E1431BF6A2B100D6F7B6 /* Star_Commander.wav in Resources */ = {isa = PBXBuildFile; fileRef = 1AD5E1421BF6A2B100D6F7B6 /* Star_Commander.wav */; };
		1AD5E1451BF6B17C00D6F7B6 /* whack.mp3 in Resources */ = {isa = PBXBuildFile; fileRef = 1AD5E1441BF6B17C00D6F7B6 /* whack.mp3 */; };
/* End PBXBuildFile section */

/* Begin PBXFileReference section */
		1A5DEECE1BF54ECA00D25E49 /* OOP Warriors.app */ = {isa = PBXFileReference; explicitFileType = wrapper.application; includeInIndex = 0; path = "OOP Warriors.app"; sourceTree = BUILT_PRODUCTS_DIR; };
		1A5DEED11BF54ECA00D25E49 /* AppDelegate.swift */ = {isa = PBXFileReference; lastKnownFileType = sourcecode.swift; path = AppDelegate.swift; sourceTree = "<group>"; };
		1A5DEED31BF54ECA00D25E49 /* ViewController.swift */ = {isa = PBXFileReference; lastKnownFileType = sourcecode.swift; path = ViewController.swift; sourceTree = "<group>"; };
		1A5DEED61BF54ECA00D25E49 /* Base */ = {isa = PBXFileReference; lastKnownFileType = file.storyboard; name = Base; path = Base.lproj/Main.storyboard; sourceTree = "<group>"; };
		1A5DEED81BF54ECA00D25E49 /* Assets.xcassets */ = {isa = PBXFileReference; lastKnownFileType = folder.assetcatalog; path = Assets.xcassets; sourceTree = "<group>"; };
		1A5DEEDB1BF54ECA00D25E49 /* Base */ = {isa = PBXFileReference; lastKnownFileType = file.storyboard; name = Base; path = Base.lproj/LaunchScreen.storyboard; sourceTree = "<group>"; };
		1A5DEEDD1BF54ECA00D25E49 /* Info.plist */ = {isa = PBXFileReference; lastKnownFileType = text.plist.xml; path = Info.plist; sourceTree = "<group>"; };
		1A5DEEE31BF54F2700D25E49 /* Character.swift */ = {isa = PBXFileReference; fileEncoding = 4; lastKnownFileType = sourcecode.swift; path = Character.swift; sourceTree = "<group>"; };
		1A5DEEE91BF586E800D25E49 /* PlayerOne.swift */ = {isa = PBXFileReference; fileEncoding = 4; lastKnownFileType = sourcecode.swift; path = PlayerOne.swift; sourceTree = "<group>"; };
		1A5DEEEB1BF5871E00D25E49 /* PlayerTwo.swift */ = {isa = PBXFileReference; fileEncoding = 4; lastKnownFileType = sourcecode.swift; path = PlayerTwo.swift; sourceTree = "<group>"; };
		1AD5E1421BF6A2B100D6F7B6 /* Star_Commander.wav */ = {isa = PBXFileReference; lastKnownFileType = audio.wav; path = Star_Commander.wav; sourceTree = "<group>"; };
		1AD5E1441BF6B17C00D6F7B6 /* whack.mp3 */ = {isa = PBXFileReference; lastKnownFileType = audio.mp3; path = whack.mp3; sourceTree = "<group>"; };
/* End PBXFileReference section */

/* Begin PBXFrameworksBuildPhase section */
		1A5DEECB1BF54ECA00D25E49 /* Frameworks */ = {
			isa = PBXFrameworksBuildPhase;
			buildActionMask = 2147483647;
			files = (
			);
			runOnlyForDeploymentPostprocessing = 0;
		};
/* End PBXFrameworksBuildPhase section */

/* Begin PBXGroup section */
		1A5DEEC51BF54ECA00D25E49 = {
			isa = PBXGroup;
			children = (
				1A5DEED01BF54ECA00D25E49 /* OOP Warriors */,
				1A5DEECF1BF54ECA00D25E49 /* Products */,
			);
			sourceTree = "<group>";
		};
		1A5DEECF1BF54ECA00D25E49 /* Products */ = {
			isa = PBXGroup;
			children = (
				1A5DEECE1BF54ECA00D25E49 /* OOP Warriors.app */,
			);
			name = Products;
			sourceTree = "<group>";
		};
		1A5DEED01BF54ECA00D25E49 /* OOP Warriors */ = {
			isa = PBXGroup;
			children = (
				1AD5E1441BF6B17C00D6F7B6 /* whack.mp3 */,
				1AD5E1421BF6A2B100D6F7B6 /* Star_Commander.wav */,
				1A5DEED11BF54ECA00D25E49 /* AppDelegate.swift */,
				1A5DEED31BF54ECA00D25E49 /* ViewController.swift */,
				1A5DEED51BF54ECA00D25E49 /* Main.storyboard */,
				1A5DEED81BF54ECA00D25E49 /* Assets.xcassets */,
				1A5DEEDA1BF54ECA00D25E49 /* LaunchScreen.storyboard */,
				1A5DEEDD1BF54ECA00D25E49 /* Info.plist */,
				1A5DEEE31BF54F2700D25E49 /* Character.swift */,
				1A5DEEE91BF586E800D25E49 /* PlayerOne.swift */,
				1A5DEEEB1BF5871E00D25E49 /* PlayerTwo.swift */,
			);
			path = "OOP Warriors";
			sourceTree = "<group>";
		};
/* End PBXGroup section */

/* Begin PBXNativeTarget section */
		1A5DEECD1BF54ECA00D25E49 /* OOP Warriors */ = {
			isa = PBXNativeTarget;
			buildConfigurationList = 1A5DEEE01BF54ECA00D25E49 /* Build configuration list for PBXNativeTarget "OOP Warriors" */;
			buildPhases = (
				1A5DEECA1BF54ECA00D25E49 /* Sources */,
				1A5DEECB1BF54ECA00D25E49 /* Frameworks */,
				1A5DEECC1BF54ECA00D25E49 /* Resources */,
			);
			buildRules = (
			);
			dependencies = (
			);
			name = "OOP Warriors";
			productName = "OOP Warriors";
			productReference = 1A5DEECE1BF54ECA00D25E49 /* OOP Warriors.app */;
			productType = "com.apple.product-type.application";
		};
/* End PBXNativeTarget section */

/* Begin PBXProject section */
		1A5DEEC61BF54ECA00D25E49 /* Project object */ = {
			isa = PBXProject;
			attributes = {
				LastSwiftUpdateCheck = 0710;
				LastUpgradeCheck = 0710;
				ORGANIZATIONNAME = EverydayDigitals;
				TargetAttributes = {
					1A5DEECD1BF54ECA00D25E49 = {
						CreatedOnToolsVersion = 7.1;
						DevelopmentTeam = GE9M63XBY4;
					};
				};
			};
			buildConfigurationList = 1A5DEEC91BF54ECA00D25E49 /* Build configuration list for PBXProject "OOP Warriors" */;
			compatibilityVersion = "Xcode 3.2";
			developmentRegion = English;
			hasScannedForEncodings = 0;
			knownRegions = (
				en,
				Base,
			);
			mainGroup = 1A5DEEC51BF54ECA00D25E49;
			productRefGroup = 1A5DEECF1BF54ECA00D25E49 /* Products */;
			projectDirPath = "";
			projectRoot = "";
			targets = (
				1A5DEECD1BF54ECA00D25E49 /* OOP Warriors */,
			);
		};
/* End PBXProject section */

/* Begin PBXResourcesBuildPhase section */
		1A5DEECC1BF54ECA00D25E49 /* Resources */ = {
			isa = PBXResourcesBuildPhase;
			buildActionMask = 2147483647;
			files = (
				1A5DEEDC1BF54ECA00D25E49 /* LaunchScreen.storyboard in Resources */,
				1AD5E1431BF6A2B100D6F7B6 /* Star_Commander.wav in Resources */,
				1A5DEED91BF54ECA00D25E49 /* Assets.xcassets in Resources */,
				1AD5E1451BF6B17C00D6F7B6 /* whack.mp3 in Resources */,
				1A5DEED71BF54ECA00D25E49 /* Main.storyboard in Resources */,
			);
			runOnlyForDeploymentPostprocessing = 0;
		};
/* End PBXResourcesBuildPhase section */

/* Begin PBXSourcesBuildPhase section */
		1A5DEECA1BF54ECA00D25E49 /* Sources */ = {
			isa = PBXSourcesBuildPhase;
			buildActionMask = 2147483647;
			files = (
				1A5DEEE41BF54F2700D25E49 /* Character.swift in Sources */,
				1A5DEED41BF54ECA00D25E49 /* ViewController.swift in Sources */,
				1A5DEEEC1BF5871E00D25E49 /* PlayerTwo.swift in Sources */,
				1A5DEED21BF54ECA00D25E49 /* AppDelegate.swift in Sources */,
				1A5DEEEA1BF586E800D25E49 /* PlayerOne.swift in Sources */,
			);
			runOnlyForDeploymentPostprocessing = 0;
		};
/* End PBXSourcesBuildPhase section */

/* Begin PBXVariantGroup section */
		1A5DEED51BF54ECA00D25E49 /* Main.storyboard */ = {
			isa = PBXVariantGroup;
			children = (
				1A5DEED61BF54ECA00D25E49 /* Base */,
			);
			name = Main.storyboard;
			sourceTree = "<group>";
		};
		1A5DEEDA1BF54ECA00D25E49 /* LaunchScreen.storyboard */ = {
			isa = PBXVariantGroup;
			children = (
				1A5DEEDB1BF54ECA00D25E49 /* Base */,
			);
			name = LaunchScreen.storyboard;
			sourceTree = "<group>";
		};
/* End PBXVariantGroup section */

/* Begin XCBuildConfiguration section */
		1A5DEEDE1BF54ECA00D25E49 /* Debug */ = {
			isa = XCBuildConfiguration;
			buildSettings = {
				ALWAYS_SEARCH_USER_PATHS = NO;
				CLANG_CXX_LANGUAGE_STANDARD = "gnu++0x";
				CLANG_CXX_LIBRARY = "libc++";
				CLANG_ENABLE_MODULES = YES;
				CLANG_ENABLE_OBJC_ARC = YES;
				CLANG_WARN_BOOL_CONVERSION = YES;
				CLANG_WARN_CONSTANT_CONVERSION = YES;
				CLANG_WARN_DIRECT_OBJC_ISA_USAGE = YES_ERROR;
				CLANG_WARN_EMPTY_BODY = YES;
				CLANG_WARN_ENUM_CONVERSION = YES;
				CLANG_WARN_INT_CONVERSION = YES;
				CLANG_WARN_OBJC_ROOT_CLASS = YES_ERROR;
				CLANG_WARN_UNREACHABLE_CODE = YES;
				CLANG_WARN__DUPLICATE_METHOD_MATCH = YES;
				"CODE_SIGN_IDENTITY[sdk=iphoneos*]" = "iPhone Developer";
				COPY_PHASE_STRIP = NO;
				DEBUG_INFORMATION_FORMAT = dwarf;
				ENABLE_STRICT_OBJC_MSGSEND = YES;
				ENABLE_TESTABILITY = YES;
				GCC_C_LANGUAGE_STANDARD = gnu99;
				GCC_DYNAMIC_NO_PIC = NO;
				GCC_NO_COMMON_BLOCKS = YES;
				GCC_OPTIMIZATION_LEVEL = 0;
				GCC_PREPROCESSOR_DEFINITIONS = (
					"DEBUG=1",
					"$(inherited)",
				);
				GCC_WARN_64_TO_32_BIT_CONVERSION = YES;
				GCC_WARN_ABOUT_RETURN_TYPE = YES_ERROR;
				GCC_WARN_UNDECLARED_SELECTOR = YES;
				GCC_WARN_UNINITIALIZED_AUTOS = YES_AGGRESSIVE;
				GCC_WARN_UNUSED_FUNCTION = YES;
				GCC_WARN_UNUSED_VARIABLE = YES;
				IPHONEOS_DEPLOYMENT_TARGET = 9.1;
				MTL_ENABLE_DEBUG_INFO = YES;
				ONLY_ACTIVE_ARCH = YES;
				SDKROOT = iphoneos;
				SWIFT_OPTIMIZATION_LEVEL = "-Onone";
			};
			name = Debug;
		};
		1A5DEEDF1BF54ECA00D25E49 /* Release */ = {
			isa = XCBuildConfiguration;
			buildSettings = {
				ALWAYS_SEARCH_USER_PATHS = NO;
				CLANG_CXX_LANGUAGE_STANDARD = "gnu++0x";
				CLANG_CXX_LIBRARY = "libc++";
				CLANG_ENABLE_MODULES = YES;
				CLANG_ENABLE_OBJC_ARC = YES;
				CLANG_WARN_BOOL_CONVERSION = YES;
				CLANG_WARN_CONSTANT_CONVERSION = YES;
				CLANG_WARN_DIRECT_OBJC_ISA_USAGE = YES_ERROR;
				CLANG_WARN_EMPTY_BODY = YES;
				CLANG_WARN_ENUM_CONVERSION = YES;
				CLANG_WARN_INT_CONVERSION = YES;
				CLANG_WARN_OBJC_ROOT_CLASS = YES_ERROR;
				CLANG_WARN_UNREACHABLE_CODE = YES;
				CLANG_WARN__DUPLICATE_METHOD_MATCH = YES;
				"CODE_SIGN_IDENTITY[sdk=iphoneos*]" = "iPhone Developer";
				COPY_PHASE_STRIP = NO;
				DEBUG_INFORMATION_FORMAT = "dwarf-with-dsym";
				ENABLE_NS_ASSERTIONS = NO;
				ENABLE_STRICT_OBJC_MSGSEND = YES;
				GCC_C_LANGUAGE_STANDARD = gnu99;
				GCC_NO_COMMON_BLOCKS = YES;
				GCC_WARN_64_TO_32_BIT_CONVERSION = YES;
				GCC_WARN_ABOUT_RETURN_TYPE = YES_ERROR;
				GCC_WARN_UNDECLARED_SELECTOR = YES;
				GCC_WARN_UNINITIALIZED_AUTOS = YES_AGGRESSIVE;
				GCC_WARN_UNUSED_FUNCTION = YES;
				GCC_WARN_UNUSED_VARIABLE = YES;
				IPHONEOS_DEPLOYMENT_TARGET = 9.1;
				MTL_ENABLE_DEBUG_INFO = NO;
				SDKROOT = iphoneos;
				VALIDATE_PRODUCT = YES;
			};
			name = Release;
		};
		1A5DEEE11BF54ECA00D25E49 /* Debug */ = {
			isa = XCBuildConfiguration;
			buildSettings = {
				ASSETCATALOG_COMPILER_APPICON_NAME = AppIcon;
				INFOPLIST_FILE = "OOP Warriors/Info.plist";
				LD_RUNPATH_SEARCH_PATHS = "$(inherited) @executable_path/Frameworks";
				PRODUCT_BUNDLE_IDENTIFIER = "com.everydaydigitals.OOP-Warriors";
				PRODUCT_NAME = "$(TARGET_NAME)";
			};
			name = Debug;
		};
		1A5DEEE21BF54ECA00D25E49 /* Release */ = {
			isa = XCBuildConfiguration;
			buildSettings = {
				ASSETCATALOG_COMPILER_APPICON_NAME = AppIcon;
				INFOPLIST_FILE = "OOP Warriors/Info.plist";
				LD_RUNPATH_SEARCH_PATHS = "$(inherited) @executable_path/Frameworks";
				PRODUCT_BUNDLE_IDENTIFIER = "com.everydaydigitals.OOP-Warriors";
				PRODUCT_NAME = "$(TARGET_NAME)";
			};
			name = Release;
		};
/* End XCBuildConfiguration section */

/* Begin XCConfigurationList section */
		1A5DEEC91BF54ECA00D25E49 /* Build configuration list for PBXProject "OOP Warriors" */ = {
			isa = XCConfigurationList;
			buildConfigurations = (
				1A5DEEDE1BF54ECA00D25E49 /* Debug */,
				1A5DEEDF1BF54ECA00D25E49 /* Release */,
			);
			defaultConfigurationIsVisible = 0;
			defaultConfigurationName = Release;
		};
		1A5DEEE01BF54ECA00D25E49 /* Build configuration list for PBXNativeTarget "OOP Warriors" */ = {
			isa = XCConfigurationList;
			buildConfigurations = (
				1A5DEEE11BF54ECA00D25E49 /* Debug */,
				1A5DEEE21BF54ECA00D25E49 /* Release */,
			);
			defaultConfigurationIsVisible = 0;
			defaultConfigurationName = Release;
		};
/* End XCConfigurationList section */
	};
	rootObject = 1A5DEEC61BF54ECA00D25E49 /* Project object */;
}
